
Microsoft Visual Studio Solution File, Format Version 12.00
# Visual Studio Version 17
VisualStudioVersion = 17.2.32519.379
MinimumVisualStudioVersion = 10.0.40219.1
Project("{9A19103F-16F7-4668-BE54-9A1E7A4F7556}") = "JobOpportunities.API", "JobOpportunities.API\JobOpportunities.API.csproj", "{C61252A4-8EE3-43D9-9437-205188B005E9}"
EndProject
Project("{9A19103F-16F7-4668-BE54-9A1E7A4F7556}") = "JobOpportunities.Data.UnitTest", "JobOpportunities.Data.Test\JobOpportunities.Data.UnitTest.csproj", "{B5AE4D35-2AC2-49DC-AC0F-1002921B8DE9}"
EndProject
Project("{2150E333-8FDC-42A3-9474-1A3956D46DE8}") = "src", "src", "{1C8178AF-BC9B-46B4-B536-A624AD37D6ED}"
EndProject
Project("{2150E333-8FDC-42A3-9474-1A3956D46DE8}") = "tests", "tests", "{E29C7AEB-B89B-4107-B222-B64410FA0FDE}"
EndProject
Project("{9A19103F-16F7-4668-BE54-9A1E7A4F7556}") = "JobOpportunities.Domain", "JobOpportunities.Domain\JobOpportunities.Domain.csproj", "{17D1D78C-5C96-407E-8700-6720157CAA2B}"
EndProject
Project("{9A19103F-16F7-4668-BE54-9A1E7A4F7556}") = "JobOpportunities.Data", "JobOpportunities.Data\JobOpportunities.Data.csproj", "{E3AAAA71-E314-46E5-887A-44796FFB2A98}"
EndProject
Project("{9A19103F-16F7-4668-BE54-9A1E7A4F7556}") = "JobOpportunities.Data.IntegrationTests", "JobOpportunities.Data.IntegrationTests\JobOpportunities.Data.IntegrationTests.csproj", "{139AA351-E203-4F7A-A926-B78A83FF300B}"
EndProject
Project("{9A19103F-16F7-4668-BE54-9A1E7A4F7556}") = "JobOpportunities.Core", "JobOpportunities.Core\JobOpportunities.Core.csproj", "{CE7DB995-A4A5-4AA2-A00B-54F4348EC9FD}"
EndProject
Project("{9A19103F-16F7-4668-BE54-9A1E7A4F7556}") = "JobOpportunities.Core.UnitTests", "JobOpportunities.Core.UnitTests\JobOpportunities.Core.UnitTests.csproj", "{DF085631-93BE-4F3A-AEFE-0ED54710C3F6}"
EndProject
Project("{9A19103F-16F7-4668-BE54-9A1E7A4F7556}") = "JobOpportunities.Core.IntegrationTests", "JobOpportunities.Core.IntegrationTests\JobOpportunities.Core.IntegrationTests.csproj", "{0586A9B5-267F-4BC7-A21B-3CF7FCCF5688}"
EndProject
Project("{2150E333-8FDC-42A3-9474-1A3956D46DE8}") = "IntegrationTests", "IntegrationTests", "{3FB1325D-AC19-47E8-AC20-CA5F7E5B6331}"
EndProject
Project("{2150E333-8FDC-42A3-9474-1A3956D46DE8}") = "UnitTests", "UnitTests", "{0DB092AC-EE9A-4690-93ED-244CB9ABB1D4}"
EndProject
Project("{54A90642-561A-4BB1-A94E-469ADEE60C69}") = "JobOpportunities.SPA", "JobOpportunities.SPA\JobOpportunities.SPA.esproj", "{C02A5EE7-985C-4246-A8EC-D79BE05EAF88}"
EndProject
Global
	GlobalSection(SolutionConfigurationPlatforms) = preSolution
		Debug|Any CPU = Debug|Any CPU
		Release|Any CPU = Release|Any CPU
	EndGlobalSection
	GlobalSection(ProjectConfigurationPlatforms) = postSolution
		{C61252A4-8EE3-43D9-9437-205188B005E9}.Debug|Any CPU.ActiveCfg = Debug|Any CPU
		{C61252A4-8EE3-43D9-9437-205188B005E9}.Debug|Any CPU.Build.0 = Debug|Any CPU
		{C61252A4-8EE3-43D9-9437-205188B005E9}.Release|Any CPU.ActiveCfg = Release|Any CPU
		{C61252A4-8EE3-43D9-9437-205188B005E9}.Release|Any CPU.Build.0 = Release|Any CPU
		{B5AE4D35-2AC2-49DC-AC0F-1002921B8DE9}.Debug|Any CPU.ActiveCfg = Debug|Any CPU
		{B5AE4D35-2AC2-49DC-AC0F-1002921B8DE9}.Debug|Any CPU.Build.0 = Debug|Any CPU
		{B5AE4D35-2AC2-49DC-AC0F-1002921B8DE9}.Release|Any CPU.ActiveCfg = Release|Any CPU
		{B5AE4D35-2AC2-49DC-AC0F-1002921B8DE9}.Release|Any CPU.Build.0 = Release|Any CPU
		{17D1D78C-5C96-407E-8700-6720157CAA2B}.Debug|Any CPU.ActiveCfg = Debug|Any CPU
		{17D1D78C-5C96-407E-8700-6720157CAA2B}.Debug|Any CPU.Build.0 = Debug|Any CPU
		{17D1D78C-5C96-407E-8700-6720157CAA2B}.Release|Any CPU.ActiveCfg = Release|Any CPU
		{17D1D78C-5C96-407E-8700-6720157CAA2B}.Release|Any CPU.Build.0 = Release|Any CPU
		{E3AAAA71-E314-46E5-887A-44796FFB2A98}.Debug|Any CPU.ActiveCfg = Debug|Any CPU
		{E3AAAA71-E314-46E5-887A-44796FFB2A98}.Debug|Any CPU.Build.0 = Debug|Any CPU
		{E3AAAA71-E314-46E5-887A-44796FFB2A98}.Release|Any CPU.ActiveCfg = Release|Any CPU
		{E3AAAA71-E314-46E5-887A-44796FFB2A98}.Release|Any CPU.Build.0 = Release|Any CPU
		{139AA351-E203-4F7A-A926-B78A83FF300B}.Debug|Any CPU.ActiveCfg = Debug|Any CPU
		{139AA351-E203-4F7A-A926-B78A83FF300B}.Debug|Any CPU.Build.0 = Debug|Any CPU
		{139AA351-E203-4F7A-A926-B78A83FF300B}.Release|Any CPU.ActiveCfg = Release|Any CPU
		{139AA351-E203-4F7A-A926-B78A83FF300B}.Release|Any CPU.Build.0 = Release|Any CPU
		{CE7DB995-A4A5-4AA2-A00B-54F4348EC9FD}.Debug|Any CPU.ActiveCfg = Debug|Any CPU
		{CE7DB995-A4A5-4AA2-A00B-54F4348EC9FD}.Debug|Any CPU.Build.0 = Debug|Any CPU
		{CE7DB995-A4A5-4AA2-A00B-54F4348EC9FD}.Release|Any CPU.ActiveCfg = Release|Any CPU
		{CE7DB995-A4A5-4AA2-A00B-54F4348EC9FD}.Release|Any CPU.Build.0 = Release|Any CPU
		{DF085631-93BE-4F3A-AEFE-0ED54710C3F6}.Debug|Any CPU.ActiveCfg = Debug|Any CPU
		{DF085631-93BE-4F3A-AEFE-0ED54710C3F6}.Debug|Any CPU.Build.0 = Debug|Any CPU
		{DF085631-93BE-4F3A-AEFE-0ED54710C3F6}.Release|Any CPU.ActiveCfg = Release|Any CPU
		{DF085631-93BE-4F3A-AEFE-0ED54710C3F6}.Release|Any CPU.Build.0 = Release|Any CPU
		{0586A9B5-267F-4BC7-A21B-3CF7FCCF5688}.Debug|Any CPU.ActiveCfg = Debug|Any CPU
		{0586A9B5-267F-4BC7-A21B-3CF7FCCF5688}.Debug|Any CPU.Build.0 = Debug|Any CPU
		{0586A9B5-267F-4BC7-A21B-3CF7FCCF5688}.Release|Any CPU.ActiveCfg = Release|Any CPU
		{0586A9B5-267F-4BC7-A21B-3CF7FCCF5688}.Release|Any CPU.Build.0 = Release|Any CPU
		{C02A5EE7-985C-4246-A8EC-D79BE05EAF88}.Debug|Any CPU.ActiveCfg = Debug|Any CPU
		{C02A5EE7-985C-4246-A8EC-D79BE05EAF88}.Debug|Any CPU.Build.0 = Debug|Any CPU
		{C02A5EE7-985C-4246-A8EC-D79BE05EAF88}.Debug|Any CPU.Deploy.0 = Debug|Any CPU
		{C02A5EE7-985C-4246-A8EC-D79BE05EAF88}.Release|Any CPU.ActiveCfg = Release|Any CPU
		{C02A5EE7-985C-4246-A8EC-D79BE05EAF88}.Release|Any CPU.Build.0 = Release|Any CPU
		{C02A5EE7-985C-4246-A8EC-D79BE05EAF88}.Release|Any CPU.Deploy.0 = Release|Any CPU
	EndGlobalSection
	GlobalSection(SolutionProperties) = preSolution
		HideSolutionNode = FALSE
	EndGlobalSection
	GlobalSection(NestedProjects) = preSolution
		{C61252A4-8EE3-43D9-9437-205188B005E9} = {1C8178AF-BC9B-46B4-B536-A624AD37D6ED}
		{B5AE4D35-2AC2-49DC-AC0F-1002921B8DE9} = {0DB092AC-EE9A-4690-93ED-244CB9ABB1D4}
		{17D1D78C-5C96-407E-8700-6720157CAA2B} = {1C8178AF-BC9B-46B4-B536-A624AD37D6ED}
		{E3AAAA71-E314-46E5-887A-44796FFB2A98} = {1C8178AF-BC9B-46B4-B536-A624AD37D6ED}
		{139AA351-E203-4F7A-A926-B78A83FF300B} = {3FB1325D-AC19-47E8-AC20-CA5F7E5B6331}
		{CE7DB995-A4A5-4AA2-A00B-54F4348EC9FD} = {1C8178AF-BC9B-46B4-B536-A624AD37D6ED}
		{DF085631-93BE-4F3A-AEFE-0ED54710C3F6} = {0DB092AC-EE9A-4690-93ED-244CB9ABB1D4}
		{0586A9B5-267F-4BC7-A21B-3CF7FCCF5688} = {3FB1325D-AC19-47E8-AC20-CA5F7E5B6331}
		{3FB1325D-AC19-47E8-AC20-CA5F7E5B6331} = {E29C7AEB-B89B-4107-B222-B64410FA0FDE}
		{0DB092AC-EE9A-4690-93ED-244CB9ABB1D4} = {E29C7AEB-B89B-4107-B222-B64410FA0FDE}
		{C02A5EE7-985C-4246-A8EC-D79BE05EAF88} = {1C8178AF-BC9B-46B4-B536-A624AD37D6ED}
	EndGlobalSection
	GlobalSection(ExtensibilityGlobals) = postSolution
		SolutionGuid = {9E97CA39-EA04-4239-8E7E-7CCD843B0C1B}
	EndGlobalSection
EndGlobal
